{
  "version": 4,
  "terraform_version": "1.9.6",
  "serial": 15,
  "lineage": "01ed8fbe-3c7a-2e27-9dd6-9bf8a7ff1e6b",
  "outputs": {
    "instance_id": {
      "value": "i-072128a3680589e17",
      "type": "string"
    },
    "public_ip": {
      "value": "3.110.115.193",
      "type": "string"
    }
  },
  "resources": [
    {
      "mode": "managed",
      "type": "aws_instance",
      "name": "app_server",
      "provider": "provider[\"registry.terraform.io/hashicorp/aws\"]",
      "instances": [
        {
          "schema_version": 2,
          "attributes": {
            "ami": "ami-03f4878755434977f",
            "arn": "arn:aws:ec2:ap-south-1:957798448690:instance/i-072128a3680589e17",
            "associate_public_ip_address": true,
            "availability_zone": "ap-south-1b",
            "capacity_reservation_specification": [
              {
                "capacity_reservation_preference": "open",
                "capacity_reservation_target": []
              }
            ],
            "cpu_options": [
              {
                "amd_sev_snp": "",
                "core_count": 1,
                "threads_per_core": 2
              }
            ],
            "credit_specification": [
              {
                "cpu_credits": "unlimited"
              }
            ],
            "disable_api_stop": false,
            "disable_api_termination": false,
            "ebs_block_device": [],
            "ebs_optimized": false,
            "enable_primary_ipv6": null,
            "enclave_options": [
              {
                "enabled": false
              }
            ],
            "ephemeral_block_device": [],
            "get_password_data": false,
            "hibernation": false,
            "host_id": "",
            "host_resource_group_arn": null,
            "iam_instance_profile": "",
            "id": "i-072128a3680589e17",
            "instance_initiated_shutdown_behavior": "stop",
            "instance_lifecycle": "",
            "instance_market_options": [],
            "instance_state": "running",
            "instance_type": "t3.micro",
            "ipv6_address_count": 0,
            "ipv6_addresses": [],
            "key_name": "dev-key",
            "launch_template": [],
            "maintenance_options": [
              {
                "auto_recovery": "default"
              }
            ],
            "metadata_options": [
              {
                "http_endpoint": "enabled",
                "http_protocol_ipv6": "disabled",
                "http_put_response_hop_limit": 1,
                "http_tokens": "optional",
                "instance_metadata_tags": "disabled"
              }
            ],
            "monitoring": false,
            "network_interface": [],
            "outpost_arn": "",
            "password_data": "",
            "placement_group": "",
            "placement_partition_number": 0,
            "primary_network_interface_id": "eni-03e5c83895dffadfb",
            "private_dns": "ip-172-31-13-138.ap-south-1.compute.internal",
            "private_dns_name_options": [
              {
                "enable_resource_name_dns_a_record": false,
                "enable_resource_name_dns_aaaa_record": false,
                "hostname_type": "ip-name"
              }
            ],
            "private_ip": "172.31.13.138",
            "public_dns": "ec2-3-110-115-193.ap-south-1.compute.amazonaws.com",
            "public_ip": "3.110.115.193",
            "region": "ap-south-1",
            "root_block_device": [
              {
                "delete_on_termination": true,
                "device_name": "/dev/sda1",
                "encrypted": false,
                "iops": 100,
                "kms_key_id": "",
                "tags": {},
                "tags_all": {},
                "throughput": 0,
                "volume_id": "vol-0307d5f0b73e5ed21",
                "volume_size": 8,
                "volume_type": "gp2"
              }
            ],
            "secondary_private_ips": [],
            "security_groups": [
              "dev-app-server-sg"
            ],
            "source_dest_check": true,
            "spot_instance_request_id": "",
            "subnet_id": "subnet-044f3bf3525fb2860",
            "tags": {
              "Environment": "dev",
              "Name": "dev-app-server"
            },
            "tags_all": {
              "Environment": "dev",
              "Name": "dev-app-server"
            },
            "tenancy": "default",
            "timeouts": null,
            "user_data": "#!/bin/bash\n# Log everything to a file for debugging\nexec \u003e /var/log/user-data.log 2\u003e\u00261\nset -e\n\necho \"---- Updating package list ----\"\nsudo apt-get update -y\n\necho \"---- Installing Java 21 ----\"\nsudo apt-get install -y wget gnupg2 software-properties-common\n\nsudo mkdir -p /etc/apt/keyrings\nwget -O- https://packages.adoptium.net/artifactory/api/gpg/key/public | gpg --dearmor | sudo tee /etc/apt/keyrings/adoptium.gpg \u003e /dev/null\n\necho \"deb [signed-by=/etc/apt/keyrings/adoptium.gpg] https://packages.adoptium.net/artifactory/deb jammy main\" | sudo tee /etc/apt/sources.list.d/adoptium.list\n\nsudo apt-get update -y\nsudo apt-get install -y temurin-21-jdk\n\necho \"---- Installing Maven and Git ----\"\nsudo apt-get install -y maven git\n\necho \"---- Cloning Spring Boot App ----\"\ncd /home/ubuntu\ngit clone https://github.com/atharva5683/tech_eazy_devops_atharva5683 app\ncd app\n\necho \"---- Building App with Maven ----\"\nmvn clean package\n\necho \"---- Running Spring Boot App ----\"\nnohup java -jar target/techeazy-devops-0.0.1-SNAPSHOT.jar \u003e springboot.log 2\u003e\u00261 \u0026\n\n# Store the PID of the Spring Boot app\napp_pid=$!\necho \"Spring Boot app started with PID: $app_pid\"\n\n# Wait for the application to start up\necho \"Waiting for Spring Boot app to start up...\"\nsleep 30\n\n# Check if the application is running\nif ps -p $app_pid \u003e /dev/null; then\n  echo \"Spring Boot application is running with PID: $app_pid\"\n  \n  # Test if the application responds to HTTP requests\n  if [ \"true\" = \"true\" ]; then\n    echo \"Verifying application HTTP response...\"\n    max_attempts=5\n    attempt=1\n    success=false\n    \n    while [ $attempt -le $max_attempts ] \u0026\u0026 [ \"$success\" = \"false\" ]; do\n      echo \"Attempt $attempt of $max_attempts to verify application...\"\n      response_code=$(curl -s -o /dev/null -w \"%{http_code}\" http://localhost:8080 || echo \"failed\")\n      \n      if [ \"$response_code\" = \"200\" ]; then\n        echo \"SUCCESS: Application is responding with HTTP 200 OK\"\n        success=true\n      else\n        echo \"Application returned HTTP code: $response_code, waiting 10 seconds before retry...\"\n        sleep 10\n        attempt=$((attempt+1))\n      fi\n    done\n    \n    if [ \"$success\" = \"false\" ]; then\n      echo \"WARNING: Application is running but not responding with HTTP 200 OK after $max_attempts attempts\"\n      echo \"Check application logs at /home/ubuntu/app/springboot.log\"\n    fi\n  else\n    echo \"Application verification skipped as per configuration\"\n  fi\nelse\n  echo \"ERROR: Spring Boot application failed to start!\"\n  echo \"Check application logs at /home/ubuntu/app/springboot.log\"\nfi\n\n# Set up port forwarding from 80 to 8080\necho \"Setting up port forwarding from 80 to 8080...\"\nsudo iptables -t nat -A PREROUTING -p tcp --dport 80 -j REDIRECT --to-port 8080\nsudo iptables -t nat -A OUTPUT -p tcp --dport 80 -j REDIRECT --to-port 8080\n\n# Make iptables rules persistent\nsudo apt-get install -y iptables-persistent\nsudo netfilter-persistent save",
            "user_data_base64": null,
            "user_data_replace_on_change": false,
            "volume_tags": null,
            "vpc_security_group_ids": [
              "sg-0114559e9b82af985"
            ]
          },
          "sensitive_attributes": [],
          "private": "eyJlMmJmYjczMC1lY2FhLTExZTYtOGY4OC0zNDM2M2JjN2M0YzAiOnsiY3JlYXRlIjo2MDAwMDAwMDAwMDAsImRlbGV0ZSI6MTIwMDAwMDAwMDAwMCwicmVhZCI6OTAwMDAwMDAwMDAwLCJ1cGRhdGUiOjYwMDAwMDAwMDAwMH0sInNjaGVtYV92ZXJzaW9uIjoiMiJ9",
          "dependencies": [
            "aws_security_group.app_sg"
          ]
        }
      ]
    },
    {
      "mode": "managed",
      "type": "aws_security_group",
      "name": "app_sg",
      "provider": "provider[\"registry.terraform.io/hashicorp/aws\"]",
      "instances": [
        {
          "schema_version": 1,
          "attributes": {
            "arn": "arn:aws:ec2:ap-south-1:957798448690:security-group/sg-0114559e9b82af985",
            "description": "Security group for dev application",
            "egress": [
              {
                "cidr_blocks": [
                  "0.0.0.0/0"
                ],
                "description": "",
                "from_port": 0,
                "ipv6_cidr_blocks": [],
                "prefix_list_ids": [],
                "protocol": "-1",
                "security_groups": [],
                "self": false,
                "to_port": 0
              }
            ],
            "id": "sg-0114559e9b82af985",
            "ingress": [
              {
                "cidr_blocks": [
                  "0.0.0.0/0"
                ],
                "description": "",
                "from_port": 22,
                "ipv6_cidr_blocks": [],
                "prefix_list_ids": [],
                "protocol": "tcp",
                "security_groups": [],
                "self": false,
                "to_port": 22
              },
              {
                "cidr_blocks": [
                  "0.0.0.0/0"
                ],
                "description": "",
                "from_port": 80,
                "ipv6_cidr_blocks": [],
                "prefix_list_ids": [],
                "protocol": "tcp",
                "security_groups": [],
                "self": false,
                "to_port": 80
              }
            ],
            "name": "dev-app-server-sg",
            "name_prefix": "",
            "owner_id": "957798448690",
            "region": "ap-south-1",
            "revoke_rules_on_delete": false,
            "tags": {},
            "tags_all": {},
            "timeouts": null,
            "vpc_id": "vpc-0232d7819d60f1f35"
          },
          "sensitive_attributes": [],
          "private": "eyJlMmJmYjczMC1lY2FhLTExZTYtOGY4OC0zNDM2M2JjN2M0YzAiOnsiY3JlYXRlIjo2MDAwMDAwMDAwMDAsImRlbGV0ZSI6OTAwMDAwMDAwMDAwfSwic2NoZW1hX3ZlcnNpb24iOiIxIn0="
        }
      ]
    }
  ],
  "check_results": null
}
